
Microsoft Visual Studio Solution File, Format Version 12.00
# Visual Studio Version 16
VisualStudioVersion = 16.0.30011.22
MinimumVisualStudioVersion = 10.0.40219.1
Project("{FAE04EC0-301F-11D3-BF4B-00C04F79EFBC}") = "WebOrder", "WebOrder.csproj", "{D154227F-1782-4235-978D-228BD67F42FE}"
EndProject
Global
	GlobalSection(SolutionConfigurationPlatforms) = preSolution
		Debug|Any CPU = Debug|Any CPU
		Release|Any CPU = Release|Any CPU
	EndGlobalSection
	GlobalSection(ProjectConfigurationPlatforms) = postSolution
		{D154227F-1782-4235-978D-228BD67F42FE}.Debug|Any CPU.ActiveCfg = Debug|Any CPU
		{D154227F-1782-4235-978D-228BD67F42FE}.Debug|Any CPU.Build.0 = Debug|Any CPU
		{D154227F-1782-4235-978D-228BD67F42FE}.Release|Any CPU.ActiveCfg = Release|Any CPU
		{D154227F-1782-4235-978D-228BD67F42FE}.Release|Any CPU.Build.0 = Release|Any CPU
	EndGlobalSection
	GlobalSection(SolutionProperties) = preSolution
		HideSolutionNode = FALSE
	EndGlobalSection
	GlobalSection(ExtensibilityGlobals) = postSolution
		SolutionGuid = {E7709669-8FDB-4C71-ABF3-5A34081897A5}
	EndGlobalSection
EndGlobal
