
Microsoft Visual Studio Solution File, Format Version 12.00
# Visual Studio 14
VisualStudioVersion = 14.0.25420.1
MinimumVisualStudioVersion = 10.0.40219.1
Project("{FAE04EC0-301F-11D3-BF4B-00C04F79EFBC}") = "prac_3_6", "prac_3_6\prac_3_6.csproj", "{9AAB498C-BAC5-4AE4-91AF-4A875FCFD7E2}"
EndProject
Project("{FAE04EC0-301F-11D3-BF4B-00C04F79EFBC}") = "prac_3_6Tests", "prac_3_6Tests\prac_3_6Tests.csproj", "{5CD47F91-2EAC-476B-9A65-9068E73C59A3}"
EndProject
Global
	GlobalSection(SolutionConfigurationPlatforms) = preSolution
		Debug|Any CPU = Debug|Any CPU
		Release|Any CPU = Release|Any CPU
	EndGlobalSection
	GlobalSection(ProjectConfigurationPlatforms) = postSolution
		{9AAB498C-BAC5-4AE4-91AF-4A875FCFD7E2}.Debug|Any CPU.ActiveCfg = Debug|Any CPU
		{9AAB498C-BAC5-4AE4-91AF-4A875FCFD7E2}.Debug|Any CPU.Build.0 = Debug|Any CPU
		{9AAB498C-BAC5-4AE4-91AF-4A875FCFD7E2}.Release|Any CPU.ActiveCfg = Release|Any CPU
		{9AAB498C-BAC5-4AE4-91AF-4A875FCFD7E2}.Release|Any CPU.Build.0 = Release|Any CPU
		{5CD47F91-2EAC-476B-9A65-9068E73C59A3}.Debug|Any CPU.ActiveCfg = Debug|Any CPU
		{5CD47F91-2EAC-476B-9A65-9068E73C59A3}.Debug|Any CPU.Build.0 = Debug|Any CPU
		{5CD47F91-2EAC-476B-9A65-9068E73C59A3}.Release|Any CPU.ActiveCfg = Release|Any CPU
		{5CD47F91-2EAC-476B-9A65-9068E73C59A3}.Release|Any CPU.Build.0 = Release|Any CPU
	EndGlobalSection
	GlobalSection(SolutionProperties) = preSolution
		HideSolutionNode = FALSE
	EndGlobalSection
EndGlobal
