
Microsoft Visual Studio Solution File, Format Version 12.00
# Visual Studio 14
VisualStudioVersion = 14.0.25420.1
MinimumVisualStudioVersion = 10.0.40219.1
Project("{FAE04EC0-301F-11D3-BF4B-00C04F79EFBC}") = "3_2_test", "3_2_test\3_2_test.csproj", "{A3510269-622A-4E53-8C0A-D0AC67FDE31C}"
EndProject
Global
	GlobalSection(SolutionConfigurationPlatforms) = preSolution
		Debug|Any CPU = Debug|Any CPU
		Release|Any CPU = Release|Any CPU
	EndGlobalSection
	GlobalSection(ProjectConfigurationPlatforms) = postSolution
		{A3510269-622A-4E53-8C0A-D0AC67FDE31C}.Debug|Any CPU.ActiveCfg = Debug|Any CPU
		{A3510269-622A-4E53-8C0A-D0AC67FDE31C}.Debug|Any CPU.Build.0 = Debug|Any CPU
		{A3510269-622A-4E53-8C0A-D0AC67FDE31C}.Release|Any CPU.ActiveCfg = Release|Any CPU
		{A3510269-622A-4E53-8C0A-D0AC67FDE31C}.Release|Any CPU.Build.0 = Release|Any CPU
	EndGlobalSection
	GlobalSection(SolutionProperties) = preSolution
		HideSolutionNode = FALSE
	EndGlobalSection
EndGlobal
